
Microsoft Visual Studio Solution File, Format Version 12.00
# Visual Studio Version 17
VisualStudioVersion = 17.8.34212.112
MinimumVisualStudioVersion = 10.0.40219.1
Project("{9A19103F-16F7-4668-BE54-9A1E7A4F7556}") = "WhiteLagoon.Web", "WhiteLagoon.Web\WhiteLagoon.Web.csproj", "{4B009569-8F10-4665-B7FD-5EEEB5049FE3}"
EndProject
Project("{FAE04EC0-301F-11D3-BF4B-00C04F79EFBC}") = "WhiteLagoon.Domain", "WhiteLagoon.Domain\WhiteLagoon.Domain.csproj", "{2673B393-06DB-4A70-833C-122BCD8D7F6F}"
EndProject
Project("{FAE04EC0-301F-11D3-BF4B-00C04F79EFBC}") = "WhiteLagoon.Application", "WhiteLagoon.Application\WhiteLagoon.Application.csproj", "{4F394B6F-10C2-4D7A-A52E-274DE76848FF}"
EndProject
Project("{FAE04EC0-301F-11D3-BF4B-00C04F79EFBC}") = "WhiteLagoon.Infrastructure", "WhiteLagoon.Infrastructure\WhiteLagoon.Infrastructure.csproj", "{BADC4E45-0C8D-4DA0-B193-96EF6416DEA7}"
EndProject
Global
	GlobalSection(SolutionConfigurationPlatforms) = preSolution
		Debug|Any CPU = Debug|Any CPU
		Release|Any CPU = Release|Any CPU
	EndGlobalSection
	GlobalSection(ProjectConfigurationPlatforms) = postSolution
		{4B009569-8F10-4665-B7FD-5EEEB5049FE3}.Debug|Any CPU.ActiveCfg = Debug|Any CPU
		{4B009569-8F10-4665-B7FD-5EEEB5049FE3}.Debug|Any CPU.Build.0 = Debug|Any CPU
		{4B009569-8F10-4665-B7FD-5EEEB5049FE3}.Release|Any CPU.ActiveCfg = Release|Any CPU
		{4B009569-8F10-4665-B7FD-5EEEB5049FE3}.Release|Any CPU.Build.0 = Release|Any CPU
		{2673B393-06DB-4A70-833C-122BCD8D7F6F}.Debug|Any CPU.ActiveCfg = Debug|Any CPU
		{2673B393-06DB-4A70-833C-122BCD8D7F6F}.Debug|Any CPU.Build.0 = Debug|Any CPU
		{2673B393-06DB-4A70-833C-122BCD8D7F6F}.Release|Any CPU.ActiveCfg = Release|Any CPU
		{2673B393-06DB-4A70-833C-122BCD8D7F6F}.Release|Any CPU.Build.0 = Release|Any CPU
		{4F394B6F-10C2-4D7A-A52E-274DE76848FF}.Debug|Any CPU.ActiveCfg = Debug|Any CPU
		{4F394B6F-10C2-4D7A-A52E-274DE76848FF}.Debug|Any CPU.Build.0 = Debug|Any CPU
		{4F394B6F-10C2-4D7A-A52E-274DE76848FF}.Release|Any CPU.ActiveCfg = Release|Any CPU
		{4F394B6F-10C2-4D7A-A52E-274DE76848FF}.Release|Any CPU.Build.0 = Release|Any CPU
		{BADC4E45-0C8D-4DA0-B193-96EF6416DEA7}.Debug|Any CPU.ActiveCfg = Debug|Any CPU
		{BADC4E45-0C8D-4DA0-B193-96EF6416DEA7}.Debug|Any CPU.Build.0 = Debug|Any CPU
		{BADC4E45-0C8D-4DA0-B193-96EF6416DEA7}.Release|Any CPU.ActiveCfg = Release|Any CPU
		{BADC4E45-0C8D-4DA0-B193-96EF6416DEA7}.Release|Any CPU.Build.0 = Release|Any CPU
	EndGlobalSection
	GlobalSection(SolutionProperties) = preSolution
		HideSolutionNode = FALSE
	EndGlobalSection
	GlobalSection(ExtensibilityGlobals) = postSolution
		SolutionGuid = {E9E83A8E-D8A8-42DE-85CB-896DAA7DE8F3}
	EndGlobalSection
EndGlobal
